
Microsoft Visual Studio Solution File, Format Version 12.00
# Visual Studio Version 17
VisualStudioVersion = 17.8.34322.80
MinimumVisualStudioVersion = 10.0.40219.1
Project("{9A19103F-16F7-4668-BE54-9A1E7A4F7556}") = "Proyecto - CS", "Proyecto - CS\Proyecto - CS.csproj", "{D356A75C-EB14-4B0E-8030-5C86BF222C0F}"
EndProject
Global
	GlobalSection(SolutionConfigurationPlatforms) = preSolution
		Debug|Any CPU = Debug|Any CPU
		Release|Any CPU = Release|Any CPU
	EndGlobalSection
	GlobalSection(ProjectConfigurationPlatforms) = postSolution
		{D356A75C-EB14-4B0E-8030-5C86BF222C0F}.Debug|Any CPU.ActiveCfg = Debug|Any CPU
		{D356A75C-EB14-4B0E-8030-5C86BF222C0F}.Debug|Any CPU.Build.0 = Debug|Any CPU
		{D356A75C-EB14-4B0E-8030-5C86BF222C0F}.Release|Any CPU.ActiveCfg = Release|Any CPU
		{D356A75C-EB14-4B0E-8030-5C86BF222C0F}.Release|Any CPU.Build.0 = Release|Any CPU
	EndGlobalSection
	GlobalSection(SolutionProperties) = preSolution
		HideSolutionNode = FALSE
	EndGlobalSection
	GlobalSection(ExtensibilityGlobals) = postSolution
		SolutionGuid = {15BA6F94-A98B-44CF-8136-BB4F9FBECA33}
	EndGlobalSection
EndGlobal
